{
  "name": "chapter7",
  "version": "1.0.0",
  "lockfileVersion": 1,
  "requires": true,
  "dependencies": {
    "commander": {
      "version": "0.5.2",
      "resolved": "http://registry.npmjs.org/commander/-/commander-0.5.2.tgz",
      "integrity": "sha1-8nAyZwmhFaEmz+1WI4UkObjko7U="
    },
    "connect": {
      "version": "1.8.5",
      "resolved": "https://registry.npmjs.org/connect/-/connect-1.8.5.tgz",
      "integrity": "sha1-5+w1plmNlrbC2tq4FxUrQGs12Uk=",
      "requires": {
        "formidable": "1.0.x",
        "mime": ">= 0.0.1",
        "qs": ">= 0.4.0"
      }
    },
    "ejs": {
      "version": "2.6.1",
      "resolved": "https://registry.npmjs.org/ejs/-/ejs-2.6.1.tgz",
      "integrity": "sha512-0xy4A/twfrRCnkhfk8ErDi5DqdAsAqeGxht4xkCUrsvhhbQNs7E+4jV0CN7+NKIY0aHE72+XvqtBIXzD31ZbXQ=="
    },
    "formidable": {
      "version": "1.0.8",
      "resolved": "https://registry.npmjs.org/formidable/-/formidable-1.0.8.tgz",
      "integrity": "sha1-rBGc6vA5oojVdkmu7DjwO2Jpu84="
    },
    "jade": {
      "version": "0.20.3",
      "resolved": "https://registry.npmjs.org/jade/-/jade-0.20.3.tgz",
      "integrity": "sha1-f0PLxxA3Yqu3Kmf9ZITrcqwdKKA=",
      "requires": {
        "commander": "0.5.x",
        "mkdirp": ">= 0.0.7"
      }
    },
    "mime": {
      "version": "1.2.4",
      "resolved": "https://registry.npmjs.org/mime/-/mime-1.2.4.tgz",
      "integrity": "sha1-EbX9rynCUJJVF2uArVIClPXekrc="
    },
    "minimist": {
      "version": "0.0.8",
      "resolved": "http://registry.npmjs.org/minimist/-/minimist-0.0.8.tgz",
      "integrity": "sha1-hX/Kv8M5fSYluCKCYuhqp6ARsF0="
    },
    "mkdirp": {
      "version": "0.5.1",
      "resolved": "http://registry.npmjs.org/mkdirp/-/mkdirp-0.5.1.tgz",
      "integrity": "sha1-MAV0OOrGz3+MR2fzhkjWaX11yQM=",
      "requires": {
        "minimist": "0.0.8"
      }
    },
    "qs": {
      "version": "0.4.1",
      "resolved": "https://registry.npmjs.org/qs/-/qs-0.4.1.tgz",
      "integrity": "sha1-vqhaNaTynICGTbbjlVcl0llEF6I="
    }
  }
}
